// !$*UTF8*$!
{
	archiveVersion = 1;
	classes = {
	};
	objectVersion = 50;
	objects = {

/* Begin PBXBuildFile section */
		EAB6F95C247216DF0079E4C3 /* AppDelegate.swift in Sources */ = {isa = PBXBuildFile; fileRef = EAB6F95B247216DF0079E4C3 /* AppDelegate.swift */; };
		EAB6F95E247216DF0079E4C3 /* SceneDelegate.swift in Sources */ = {isa = PBXBuildFile; fileRef = EAB6F95D247216DF0079E4C3 /* SceneDelegate.swift */; };
		EAB6F960247216DF0079E4C3 /* ViewController.swift in Sources */ = {isa = PBXBuildFile; fileRef = EAB6F95F247216DF0079E4C3 /* ViewController.swift */; };
		EAB6F963247216DF0079E4C3 /* Main.storyboard in Resources */ = {isa = PBXBuildFile; fileRef = EAB6F961247216DF0079E4C3 /* Main.storyboard */; };
		EAB6F965247216E00079E4C3 /* Assets.xcassets in Resources */ = {isa = PBXBuildFile; fileRef = EAB6F964247216E00079E4C3 /* Assets.xcassets */; };
		EAB6F968247216E00079E4C3 /* LaunchScreen.storyboard in Resources */ = {isa = PBXBuildFile; fileRef = EAB6F966247216E00079E4C3 /* LaunchScreen.storyboard */; };
/* End PBXBuildFile section */

/* Begin PBXFileReference section */
		EAB6F958247216DF0079E4C3 /* Reddit Redirect.app */ = {isa = PBXFileReference; explicitFileType = wrapper.application; includeInIndex = 0; path = "Reddit Redirect.app"; sourceTree = BUILT_PRODUCTS_DIR; };
		EAB6F95B247216DF0079E4C3 /* AppDelegate.swift */ = {isa = PBXFileReference; lastKnownFileType = sourcecode.swift; path = AppDelegate.swift; sourceTree = "<group>"; };
		EAB6F95D247216DF0079E4C3 /* SceneDelegate.swift */ = {isa = PBXFileReference; lastKnownFileType = sourcecode.swift; path = SceneDelegate.swift; sourceTree = "<group>"; };
		EAB6F95F247216DF0079E4C3 /* ViewController.swift */ = {isa = PBXFileReference; lastKnownFileType = sourcecode.swift; path = ViewController.swift; sourceTree = "<group>"; };
		EAB6F962247216DF0079E4C3 /* Base */ = {isa = PBXFileReference; lastKnownFileType = file.storyboard; name = Base; path = Base.lproj/Main.storyboard; sourceTree = "<group>"; };
		EAB6F964247216E00079E4C3 /* Assets.xcassets */ = {isa = PBXFileReference; lastKnownFileType = folder.assetcatalog; path = Assets.xcassets; sourceTree = "<group>"; };
		EAB6F967247216E00079E4C3 /* Base */ = {isa = PBXFileReference; lastKnownFileType = file.storyboard; name = Base; path = Base.lproj/LaunchScreen.storyboard; sourceTree = "<group>"; };
		EAB6F969247216E00079E4C3 /* Info.plist */ = {isa = PBXFileReference; lastKnownFileType = text.plist.xml; path = Info.plist; sourceTree = "<group>"; };
		EAB6F96F247217160079E4C3 /* Reddit Redirect.entitlements */ = {isa = PBXFileReference; lastKnownFileType = text.plist.entitlements; path = "Reddit Redirect.entitlements"; sourceTree = "<group>"; };
/* End PBXFileReference section */

/* Begin PBXFrameworksBuildPhase section */
		EAB6F955247216DF0079E4C3 /* Frameworks */ = {
			isa = PBXFrameworksBuildPhase;
			buildActionMask = 2147483647;
			files = (
			);
			runOnlyForDeploymentPostprocessing = 0;
		};
/* End PBXFrameworksBuildPhase section */

/* Begin PBXGroup section */
		EAB6F94F247216DF0079E4C3 = {
			isa = PBXGroup;
			children = (
				EAB6F95A247216DF0079E4C3 /* Reddit Redirect */,
				EAB6F959247216DF0079E4C3 /* Products */,
			);
			sourceTree = "<group>";
		};
		EAB6F959247216DF0079E4C3 /* Products */ = {
			isa = PBXGroup;
			children = (
				EAB6F958247216DF0079E4C3 /* Reddit Redirect.app */,
			);
			name = Products;
			sourceTree = "<group>";
		};
		EAB6F95A247216DF0079E4C3 /* Reddit Redirect */ = {
			isa = PBXGroup;
			children = (
				EAB6F96F247217160079E4C3 /* Reddit Redirect.entitlements */,
				EAB6F95B247216DF0079E4C3 /* AppDelegate.swift */,
				EAB6F95D247216DF0079E4C3 /* SceneDelegate.swift */,
				EAB6F95F247216DF0079E4C3 /* ViewController.swift */,
				EAB6F961247216DF0079E4C3 /* Main.storyboard */,
				EAB6F964247216E00079E4C3 /* Assets.xcassets */,
				EAB6F966247216E00079E4C3 /* LaunchScreen.storyboard */,
				EAB6F969247216E00079E4C3 /* Info.plist */,
			);
			path = "Reddit Redirect";
			sourceTree = "<group>";
		};
/* End PBXGroup section */

/* Begin PBXNativeTarget section */
		EAB6F957247216DF0079E4C3 /* Reddit Redirect */ = {
			isa = PBXNativeTarget;
			buildConfigurationList = EAB6F96C247216E00079E4C3 /* Build configuration list for PBXNativeTarget "Reddit Redirect" */;
			buildPhases = (
				EAB6F954247216DF0079E4C3 /* Sources */,
				EAB6F955247216DF0079E4C3 /* Frameworks */,
				EAB6F956247216DF0079E4C3 /* Resources */,
			);
			buildRules = (
			);
			dependencies = (
			);
			name = "Reddit Redirect";
			productName = "Reddit Redirect";
			productReference = EAB6F958247216DF0079E4C3 /* Reddit Redirect.app */;
			productType = "com.apple.product-type.application";
		};
/* End PBXNativeTarget section */

/* Begin PBXProject section */
		EAB6F950247216DF0079E4C3 /* Project object */ = {
			isa = PBXProject;
			attributes = {
				LastSwiftUpdateCheck = 1130;
				LastUpgradeCheck = 1130;
				ORGANIZATIONNAME = jangelsb;
				TargetAttributes = {
					EAB6F957247216DF0079E4C3 = {
						CreatedOnToolsVersion = 11.3.1;
					};
				};
			};
			buildConfigurationList = EAB6F953247216DF0079E4C3 /* Build configuration list for PBXProject "Reddit Redirect" */;
			compatibilityVersion = "Xcode 9.3";
			developmentRegion = en;
			hasScannedForEncodings = 0;
			knownRegions = (
				en,
				Base,
			);
			mainGroup = EAB6F94F247216DF0079E4C3;
			productRefGroup = EAB6F959247216DF0079E4C3 /* Products */;
			projectDirPath = "";
			projectRoot = "";
			targets = (
				EAB6F957247216DF0079E4C3 /* Reddit Redirect */,
			);
		};
/* End PBXProject section */

/* Begin PBXResourcesBuildPhase section */
		EAB6F956247216DF0079E4C3 /* Resources */ = {
			isa = PBXResourcesBuildPhase;
			buildActionMask = 2147483647;
			files = (
				EAB6F968247216E00079E4C3 /* LaunchScreen.storyboard in Resources */,
				EAB6F965247216E00079E4C3 /* Assets.xcassets in Resources */,
				EAB6F963247216DF0079E4C3 /* Main.storyboard in Resources */,
			);
			runOnlyForDeploymentPostprocessing = 0;
		};
/* End PBXResourcesBuildPhase section */

/* Begin PBXSourcesBuildPhase section */
		EAB6F954247216DF0079E4C3 /* Sources */ = {
			isa = PBXSourcesBuildPhase;
			buildActionMask = 2147483647;
			files = (
				EAB6F960247216DF0079E4C3 /* ViewController.swift in Sources */,
				EAB6F95C247216DF0079E4C3 /* AppDelegate.swift in Sources */,
				EAB6F95E247216DF0079E4C3 /* SceneDelegate.swift in Sources */,
			);
			runOnlyForDeploymentPostprocessing = 0;
		};
/* End PBXSourcesBuildPhase section */

/* Begin PBXVariantGroup section */
		EAB6F961247216DF0079E4C3 /* Main.storyboard */ = {
			isa = PBXVariantGroup;
			children = (
				EAB6F962247216DF0079E4C3 /* Base */,
			);
			name = Main.storyboard;
			sourceTree = "<group>";
		};
		EAB6F966247216E00079E4C3 /* LaunchScreen.storyboard */ = {
			isa = PBXVariantGroup;
			children = (
				EAB6F967247216E00079E4C3 /* Base */,
			);
			name = LaunchScreen.storyboard;
			sourceTree = "<group>";
		};
/* End PBXVariantGroup section */

/* Begin XCBuildConfiguration section */
		EAB6F96A247216E00079E4C3 /* Debug */ = {
			isa = XCBuildConfiguration;
			buildSettings = {
				ALWAYS_SEARCH_USER_PATHS = NO;
				CLANG_ANALYZER_NONNULL = YES;
				CLANG_ANALYZER_NUMBER_OBJECT_CONVERSION = YES_AGGRESSIVE;
				CLANG_CXX_LANGUAGE_STANDARD = "gnu++14";
				CLANG_CXX_LIBRARY = "libc++";
				CLANG_ENABLE_MODULES = YES;
				CLANG_ENABLE_OBJC_ARC = YES;
				CLANG_ENABLE_OBJC_WEAK = YES;
				CLANG_WARN_BLOCK_CAPTURE_AUTORELEASING = YES;
				CLANG_WARN_BOOL_CONVERSION = YES;
				CLANG_WARN_COMMA = YES;
				CLANG_WARN_CONSTANT_CONVERSION = YES;
				CLANG_WARN_DEPRECATED_OBJC_IMPLEMENTATIONS = YES;
				CLANG_WARN_DIRECT_OBJC_ISA_USAGE = YES_ERROR;
				CLANG_WARN_DOCUMENTATION_COMMENTS = YES;
				CLANG_WARN_EMPTY_BODY = YES;
				CLANG_WARN_ENUM_CONVERSION = YES;
				CLANG_WARN_INFINITE_RECURSION = YES;
				CLANG_WARN_INT_CONVERSION = YES;
				CLANG_WARN_NON_LITERAL_NULL_CONVERSION = YES;
				CLANG_WARN_OBJC_IMPLICIT_RETAIN_SELF = YES;
				CLANG_WARN_OBJC_LITERAL_CONVERSION = YES;
				CLANG_WARN_OBJC_ROOT_CLASS = YES_ERROR;
				CLANG_WARN_RANGE_LOOP_ANALYSIS = YES;
				CLANG_WARN_STRICT_PROTOTYPES = YES;
				CLANG_WARN_SUSPICIOUS_MOVE = YES;
				CLANG_WARN_UNGUARDED_AVAILABILITY = YES_AGGRESSIVE;
				CLANG_WARN_UNREACHABLE_CODE = YES;
				CLANG_WARN__DUPLICATE_METHOD_MATCH = YES;
				COPY_PHASE_STRIP = NO;
				DEBUG_INFORMATION_FORMAT = dwarf;
				ENABLE_STRICT_OBJC_MSGSEND = YES;
				ENABLE_TESTABILITY = YES;
				GCC_C_LANGUAGE_STANDARD = gnu11;
				GCC_DYNAMIC_NO_PIC = NO;
				GCC_NO_COMMON_BLOCKS = YES;
				GCC_OPTIMIZATION_LEVEL = 0;
				GCC_PREPROCESSOR_DEFINITIONS = (
					"DEBUG=1",
					"$(inherited)",
				);
				GCC_WARN_64_TO_32_BIT_CONVERSION = YES;
				GCC_WARN_ABOUT_RETURN_TYPE = YES_ERROR;
				GCC_WARN_UNDECLARED_SELECTOR = YES;
				GCC_WARN_UNINITIALIZED_AUTOS = YES_AGGRESSIVE;
				GCC_WARN_UNUSED_FUNCTION = YES;
				GCC_WARN_UNUSED_VARIABLE = YES;
				IPHONEOS_DEPLOYMENT_TARGET = 13.2;
				MTL_ENABLE_DEBUG_INFO = INCLUDE_SOURCE;
				MTL_FAST_MATH = YES;
				ONLY_ACTIVE_ARCH = YES;
				SDKROOT = iphoneos;
				SWIFT_ACTIVE_COMPILATION_CONDITIONS = DEBUG;
				SWIFT_OPTIMIZATION_LEVEL = "-Onone";
			};
			name = Debug;
		};
		EAB6F96B247216E00079E4C3 /* Release */ = {
			isa = XCBuildConfiguration;
			buildSettings = {
				ALWAYS_SEARCH_USER_PATHS = NO;
				CLANG_ANALYZER_NONNULL = YES;
				CLANG_ANALYZER_NUMBER_OBJECT_CONVERSION = YES_AGGRESSIVE;
				CLANG_CXX_LANGUAGE_STANDARD = "gnu++14";
				CLANG_CXX_LIBRARY = "libc++";
				CLANG_ENABLE_MODULES = YES;
				CLANG_ENABLE_OBJC_ARC = YES;
				CLANG_ENABLE_OBJC_WEAK = YES;
				CLANG_WARN_BLOCK_CAPTURE_AUTORELEASING = YES;
				CLANG_WARN_BOOL_CONVERSION = YES;
				CLANG_WARN_COMMA = YES;
				CLANG_WARN_CONSTANT_CONVERSION = YES;
				CLANG_WARN_DEPRECATED_OBJC_IMPLEMENTATIONS = YES;
				CLANG_WARN_DIRECT_OBJC_ISA_USAGE = YES_ERROR;
				CLANG_WARN_DOCUMENTATION_COMMENTS = YES;
				CLANG_WARN_EMPTY_BODY = YES;
				CLANG_WARN_ENUM_CONVERSION = YES;
				CLANG_WARN_INFINITE_RECURSION = YES;
				CLANG_WARN_INT_CONVERSION = YES;
				CLANG_WARN_NON_LITERAL_NULL_CONVERSION = YES;
				CLANG_WARN_OBJC_IMPLICIT_RETAIN_SELF = YES;
				CLANG_WARN_OBJC_LITERAL_CONVERSION = YES;
				CLANG_WARN_OBJC_ROOT_CLASS = YES_ERROR;
				CLANG_WARN_RANGE_LOOP_ANALYSIS = YES;
				CLANG_WARN_STRICT_PROTOTYPES = YES;
				CLANG_WARN_SUSPICIOUS_MOVE = YES;
				CLANG_WARN_UNGUARDED_AVAILABILITY = YES_AGGRESSIVE;
				CLANG_WARN_UNREACHABLE_CODE = YES;
				CLANG_WARN__DUPLICATE_METHOD_MATCH = YES;
				COPY_PHASE_STRIP = NO;
				DEBUG_INFORMATION_FORMAT = "dwarf-with-dsym";
				ENABLE_NS_ASSERTIONS = NO;
				ENABLE_STRICT_OBJC_MSGSEND = YES;
				GCC_C_LANGUAGE_STANDARD = gnu11;
				GCC_NO_COMMON_BLOCKS = YES;
				GCC_WARN_64_TO_32_BIT_CONVERSION = YES;
				GCC_WARN_ABOUT_RETURN_TYPE = YES_ERROR;
				GCC_WARN_UNDECLARED_SELECTOR = YES;
				GCC_WARN_UNINITIALIZED_AUTOS = YES_AGGRESSIVE;
				GCC_WARN_UNUSED_FUNCTION = YES;
				GCC_WARN_UNUSED_VARIABLE = YES;
				IPHONEOS_DEPLOYMENT_TARGET = 13.2;
				MTL_ENABLE_DEBUG_INFO = NO;
				MTL_FAST_MATH = YES;
				SDKROOT = iphoneos;
				SWIFT_COMPILATION_MODE = wholemodule;
				SWIFT_OPTIMIZATION_LEVEL = "-O";
				VALIDATE_PRODUCT = YES;
			};
			name = Release;
		};
		EAB6F96D247216E00079E4C3 /* Debug */ = {
			isa = XCBuildConfiguration;
			buildSettings = {
				ASSETCATALOG_COMPILER_APPICON_NAME = AppIcon;
				CODE_SIGN_ENTITLEMENTS = "Reddit Redirect/Reddit Redirect.entitlements";
				CODE_SIGN_STYLE = Automatic;
				DEVELOPMENT_TEAM = YFZ5LYLJPF;
				INFOPLIST_FILE = "Reddit Redirect/Info.plist";
				LD_RUNPATH_SEARCH_PATHS = (
					"$(inherited)",
					"@executable_path/Frameworks",
				);
				PRODUCT_BUNDLE_IDENTIFIER = com.jangelsb.reddit.redirecttest;
				PRODUCT_NAME = "$(TARGET_NAME)";
				SWIFT_VERSION = 5.0;
				TARGETED_DEVICE_FAMILY = "1,2";
			};
			name = Debug;
		};
		EAB6F96E247216E00079E4C3 /* Release */ = {
			isa = XCBuildConfiguration;
			buildSettings = {
				ASSETCATALOG_COMPILER_APPICON_NAME = AppIcon;
				CODE_SIGN_ENTITLEMENTS = "Reddit Redirect/Reddit Redirect.entitlements";
				CODE_SIGN_STYLE = Automatic;
				DEVELOPMENT_TEAM = YFZ5LYLJPF;
				INFOPLIST_FILE = "Reddit Redirect/Info.plist";
				LD_RUNPATH_SEARCH_PATHS = (
					"$(inherited)",
					"@executable_path/Frameworks",
				);
				PRODUCT_BUNDLE_IDENTIFIER = com.jangelsb.reddit.redirecttest;
				PRODUCT_NAME = "$(TARGET_NAME)";
				SWIFT_VERSION = 5.0;
				TARGETED_DEVICE_FAMILY = "1,2";
			};
			name = Release;
		};
/* End XCBuildConfiguration section */

/* Begin XCConfigurationList section */
		EAB6F953247216DF0079E4C3 /* Build configuration list for PBXProject "Reddit Redirect" */ = {
			isa = XCConfigurationList;
			buildConfigurations = (
				EAB6F96A247216E00079E4C3 /* Debug */,
				EAB6F96B247216E00079E4C3 /* Release */,
			);
			defaultConfigurationIsVisible = 0;
			defaultConfigurationName = Release;
		};
		EAB6F96C247216E00079E4C3 /* Build configuration list for PBXNativeTarget "Reddit Redirect" */ = {
			isa = XCConfigurationList;
			buildConfigurations = (
				EAB6F96D247216E00079E4C3 /* Debug */,
				EAB6F96E247216E00079E4C3 /* Release */,
			);
			defaultConfigurationIsVisible = 0;
			defaultConfigurationName = Release;
		};
/* End XCConfigurationList section */
	};
	rootObject = EAB6F950247216DF0079E4C3 /* Project object */;
}
